
Microsoft Visual Studio Solution File, Format Version 12.00
# Visual Studio Version 17
VisualStudioVersion = 17.6.33829.357
MinimumVisualStudioVersion = 10.0.40219.1
Project("{9A19103F-16F7-4668-BE54-9A1E7A4F7556}") = "TraversalCoreProje", "TraversalCoreProje\TraversalCoreProje.csproj", "{A388C483-B859-48FB-A770-6B6FC6662FB0}"
EndProject
Project("{9A19103F-16F7-4668-BE54-9A1E7A4F7556}") = "EntityLayer", "EntityLayer\EntityLayer.csproj", "{6212FBA1-63C1-4C15-A20F-B04067B9B14E}"
EndProject
Project("{9A19103F-16F7-4668-BE54-9A1E7A4F7556}") = "BusinessLayer", "BusinessLayer\BusinessLayer.csproj", "{4CB87DC1-DD39-4871-AF55-F03933C1AE01}"
EndProject
Project("{9A19103F-16F7-4668-BE54-9A1E7A4F7556}") = "DataAccessLayer", "DataAccessLayer\DataAccessLayer.csproj", "{2FAE79DF-B556-4F9B-8AB5-B581CBF7541B}"
EndProject
Project("{9A19103F-16F7-4668-BE54-9A1E7A4F7556}") = "DTOLayer", "DTOLayer\DTOLayer.csproj", "{DE2A6AF8-048C-4731-9E47-E4857DD3D69B}"
EndProject
Project("{9A19103F-16F7-4668-BE54-9A1E7A4F7556}") = "TraversalApiProject", "TraversalApiProject\TraversalApiProject.csproj", "{5DEA191E-BC5F-43C8-BA06-5A5E78D16C99}"
EndProject
Project("{9A19103F-16F7-4668-BE54-9A1E7A4F7556}") = "SignalRApi", "SignalRApi\SignalRApi.csproj", "{390EC828-6F53-44D1-936B-0A2AA176157D}"
EndProject
Project("{9A19103F-16F7-4668-BE54-9A1E7A4F7556}") = "SignalRConsume", "SignalRConsume\SignalRConsume.csproj", "{02F7167F-D1CF-43ED-9E87-38620D39683C}"
EndProject
Project("{9A19103F-16F7-4668-BE54-9A1E7A4F7556}") = "SignalRApiForSql", "SignalRApiForSql\SignalRApiForSql.csproj", "{D1DEF396-2104-49F9-81C2-6762C17FCE1B}"
EndProject
Global
	GlobalSection(SolutionConfigurationPlatforms) = preSolution
		Debug|Any CPU = Debug|Any CPU
		Release|Any CPU = Release|Any CPU
	EndGlobalSection
	GlobalSection(ProjectConfigurationPlatforms) = postSolution
		{A388C483-B859-48FB-A770-6B6FC6662FB0}.Debug|Any CPU.ActiveCfg = Debug|Any CPU
		{A388C483-B859-48FB-A770-6B6FC6662FB0}.Debug|Any CPU.Build.0 = Debug|Any CPU
		{A388C483-B859-48FB-A770-6B6FC6662FB0}.Release|Any CPU.ActiveCfg = Release|Any CPU
		{A388C483-B859-48FB-A770-6B6FC6662FB0}.Release|Any CPU.Build.0 = Release|Any CPU
		{6212FBA1-63C1-4C15-A20F-B04067B9B14E}.Debug|Any CPU.ActiveCfg = Debug|Any CPU
		{6212FBA1-63C1-4C15-A20F-B04067B9B14E}.Debug|Any CPU.Build.0 = Debug|Any CPU
		{6212FBA1-63C1-4C15-A20F-B04067B9B14E}.Release|Any CPU.ActiveCfg = Release|Any CPU
		{6212FBA1-63C1-4C15-A20F-B04067B9B14E}.Release|Any CPU.Build.0 = Release|Any CPU
		{4CB87DC1-DD39-4871-AF55-F03933C1AE01}.Debug|Any CPU.ActiveCfg = Debug|Any CPU
		{4CB87DC1-DD39-4871-AF55-F03933C1AE01}.Debug|Any CPU.Build.0 = Debug|Any CPU
		{4CB87DC1-DD39-4871-AF55-F03933C1AE01}.Release|Any CPU.ActiveCfg = Release|Any CPU
		{4CB87DC1-DD39-4871-AF55-F03933C1AE01}.Release|Any CPU.Build.0 = Release|Any CPU
		{2FAE79DF-B556-4F9B-8AB5-B581CBF7541B}.Debug|Any CPU.ActiveCfg = Debug|Any CPU
		{2FAE79DF-B556-4F9B-8AB5-B581CBF7541B}.Debug|Any CPU.Build.0 = Debug|Any CPU
		{2FAE79DF-B556-4F9B-8AB5-B581CBF7541B}.Release|Any CPU.ActiveCfg = Release|Any CPU
		{2FAE79DF-B556-4F9B-8AB5-B581CBF7541B}.Release|Any CPU.Build.0 = Release|Any CPU
		{DE2A6AF8-048C-4731-9E47-E4857DD3D69B}.Debug|Any CPU.ActiveCfg = Debug|Any CPU
		{DE2A6AF8-048C-4731-9E47-E4857DD3D69B}.Debug|Any CPU.Build.0 = Debug|Any CPU
		{DE2A6AF8-048C-4731-9E47-E4857DD3D69B}.Release|Any CPU.ActiveCfg = Release|Any CPU
		{DE2A6AF8-048C-4731-9E47-E4857DD3D69B}.Release|Any CPU.Build.0 = Release|Any CPU
		{5DEA191E-BC5F-43C8-BA06-5A5E78D16C99}.Debug|Any CPU.ActiveCfg = Debug|Any CPU
		{5DEA191E-BC5F-43C8-BA06-5A5E78D16C99}.Debug|Any CPU.Build.0 = Debug|Any CPU
		{5DEA191E-BC5F-43C8-BA06-5A5E78D16C99}.Release|Any CPU.ActiveCfg = Release|Any CPU
		{5DEA191E-BC5F-43C8-BA06-5A5E78D16C99}.Release|Any CPU.Build.0 = Release|Any CPU
		{390EC828-6F53-44D1-936B-0A2AA176157D}.Debug|Any CPU.ActiveCfg = Debug|Any CPU
		{390EC828-6F53-44D1-936B-0A2AA176157D}.Debug|Any CPU.Build.0 = Debug|Any CPU
		{390EC828-6F53-44D1-936B-0A2AA176157D}.Release|Any CPU.ActiveCfg = Release|Any CPU
		{390EC828-6F53-44D1-936B-0A2AA176157D}.Release|Any CPU.Build.0 = Release|Any CPU
		{02F7167F-D1CF-43ED-9E87-38620D39683C}.Debug|Any CPU.ActiveCfg = Debug|Any CPU
		{02F7167F-D1CF-43ED-9E87-38620D39683C}.Debug|Any CPU.Build.0 = Debug|Any CPU
		{02F7167F-D1CF-43ED-9E87-38620D39683C}.Release|Any CPU.ActiveCfg = Release|Any CPU
		{02F7167F-D1CF-43ED-9E87-38620D39683C}.Release|Any CPU.Build.0 = Release|Any CPU
		{D1DEF396-2104-49F9-81C2-6762C17FCE1B}.Debug|Any CPU.ActiveCfg = Debug|Any CPU
		{D1DEF396-2104-49F9-81C2-6762C17FCE1B}.Debug|Any CPU.Build.0 = Debug|Any CPU
		{D1DEF396-2104-49F9-81C2-6762C17FCE1B}.Release|Any CPU.ActiveCfg = Release|Any CPU
		{D1DEF396-2104-49F9-81C2-6762C17FCE1B}.Release|Any CPU.Build.0 = Release|Any CPU
	EndGlobalSection
	GlobalSection(SolutionProperties) = preSolution
		HideSolutionNode = FALSE
	EndGlobalSection
	GlobalSection(ExtensibilityGlobals) = postSolution
		SolutionGuid = {02E1963D-36E7-42AA-8201-A290880A5362}
	EndGlobalSection
EndGlobal
